
Microsoft Visual Studio Solution File, Format Version 12.00
# Visual Studio Version 17
VisualStudioVersion = 17.0.31903.59
MinimumVisualStudioVersion = 10.0.40219.1
Project("{FAE04EC0-301F-11D3-BF4B-00C04F79EFBC}") = "Filetypes", "Filetypes\Filetypes.csproj", "{1E2A8FE7-B0F4-4EB3-BD30-F160D6F6A648}"
EndProject
Project("{FAE04EC0-301F-11D3-BF4B-00C04F79EFBC}") = "HoodReplacer.Engine", "HoodReplacer.Engine\HoodReplacer.Engine.csproj", "{E8937DA4-774F-45FF-8A08-64CA5FA2CA27}"
EndProject
Project("{FAE04EC0-301F-11D3-BF4B-00C04F79EFBC}") = "HoodReplacer.SmokeTest", "HoodReplacer.SmokeTest\HoodReplacer.SmokeTest.csproj", "{CDC2EC01-3FB4-43EE-BF0B-29B85B701829}"
EndProject
Global
	GlobalSection(SolutionConfigurationPlatforms) = preSolution
		Debug|Any CPU = Debug|Any CPU
		Release|Any CPU = Release|Any CPU
	EndGlobalSection
	GlobalSection(SolutionProperties) = preSolution
		HideSolutionNode = FALSE
	EndGlobalSection
	GlobalSection(ProjectConfigurationPlatforms) = postSolution
		{1E2A8FE7-B0F4-4EB3-BD30-F160D6F6A648}.Debug|Any CPU.ActiveCfg = Debug|Any CPU
		{1E2A8FE7-B0F4-4EB3-BD30-F160D6F6A648}.Debug|Any CPU.Build.0 = Debug|Any CPU
		{1E2A8FE7-B0F4-4EB3-BD30-F160D6F6A648}.Release|Any CPU.ActiveCfg = Release|Any CPU
		{1E2A8FE7-B0F4-4EB3-BD30-F160D6F6A648}.Release|Any CPU.Build.0 = Release|Any CPU
		{E8937DA4-774F-45FF-8A08-64CA5FA2CA27}.Debug|Any CPU.ActiveCfg = Debug|Any CPU
		{E8937DA4-774F-45FF-8A08-64CA5FA2CA27}.Debug|Any CPU.Build.0 = Debug|Any CPU
		{E8937DA4-774F-45FF-8A08-64CA5FA2CA27}.Release|Any CPU.ActiveCfg = Release|Any CPU
		{E8937DA4-774F-45FF-8A08-64CA5FA2CA27}.Release|Any CPU.Build.0 = Release|Any CPU
		{CDC2EC01-3FB4-43EE-BF0B-29B85B701829}.Debug|Any CPU.ActiveCfg = Debug|Any CPU
		{CDC2EC01-3FB4-43EE-BF0B-29B85B701829}.Debug|Any CPU.Build.0 = Debug|Any CPU
		{CDC2EC01-3FB4-43EE-BF0B-29B85B701829}.Release|Any CPU.ActiveCfg = Release|Any CPU
		{CDC2EC01-3FB4-43EE-BF0B-29B85B701829}.Release|Any CPU.Build.0 = Release|Any CPU
	EndGlobalSection
EndGlobal
